<?xml version="1.0" encoding="utf-8"?>
<Project ToolsVersion="4.0" xmlns="http://schemas.microsoft.com/developer/msbuild/2003">
  <ItemGroup>
    <Filter Include="win32">
      <UniqueIdentifier>{84a8ebd7-7cf0-47f6-b75e-d441df67da40}</UniqueIdentifier>
    </Filter>
    <Filter Include="resource">
      <UniqueIdentifier>{715254bc-d70b-4ec5-bf29-467dd3ace079}</UniqueIdentifier>
    </Filter>
    <Filter Include="src">
      <UniqueIdentifier>{bb6c862e-70e9-49d9-81b7-3829a6f50471}</UniqueIdentifier>
    </Filter>
    <Filter Include="src\scene">
      <UniqueIdentifier>{7bd8ac6b-85db-41f2-9d83-2e3c287a6e20}</UniqueIdentifier>
    </Filter>
    <Filter Include="src\entity">
      <UniqueIdentifier>{b6357a1c-336d-4d25-8fc4-f0ffc0eb1b96}</UniqueIdentifier>
    </Filter>
    <Filter Include="src\component">
      <UniqueIdentifier>{1fb970e3-0368-4c52-bddf-954e7e04b235}</UniqueIdentifier>
    </Filter>
    <Filter Include="src\world">
      <UniqueIdentifier>{18d6bde5-a62e-4ecd-b0cc-537daa63f830}</UniqueIdentifier>
    </Filter>
    <Filter Include="src\runner">
      <UniqueIdentifier>{8f45f279-2ad4-457b-bd15-be1d94eef66c}</UniqueIdentifier>
    </Filter>
    <Filter Include="src\entity\zombie">
      <UniqueIdentifier>{aaf0bd8f-743c-4d9d-a288-7f4f2b556c85}</UniqueIdentifier>
    </Filter>
    <Filter Include="src\entity\Item">
      <UniqueIdentifier>{71e928d0-4e53-496f-b2ae-89ddfc700a09}</UniqueIdentifier>
    </Filter>
    <Filter Include="src\component\pooled">
      <UniqueIdentifier>{728451d6-c985-45be-ad30-6ba127199ef3}</UniqueIdentifier>
    </Filter>
    <Filter Include="src\component\basic">
      <UniqueIdentifier>{92fc0fc9-eef1-4fe5-989d-99ac89e162e7}</UniqueIdentifier>
    </Filter>
    <Filter Include="src\entity\player">
      <UniqueIdentifier>{6f9999c3-c06b-4096-b84d-697d68355ea2}</UniqueIdentifier>
    </Filter>
    <Filter Include="src\graphics">
      <UniqueIdentifier>{4cc110df-6d40-4046-9105-fcece33fe572}</UniqueIdentifier>
    </Filter>
    <Filter Include="src\util">
      <UniqueIdentifier>{9b32dece-ded3-4072-be09-4bd5fce12c9e}</UniqueIdentifier>
    </Filter>
    <Filter Include="src\box">
      <UniqueIdentifier>{0bb00f26-baff-4cad-bfca-424ee5a069d2}</UniqueIdentifier>
    </Filter>
    <Filter Include="src\device">
      <UniqueIdentifier>{e673fb4c-6885-46ca-aa5e-9d3e23146d26}</UniqueIdentifier>
    </Filter>
    <Filter Include="src\entity\attachment">
      <UniqueIdentifier>{bb74a44e-2321-418f-9e02-c1c0e6dc4629}</UniqueIdentifier>
    </Filter>
  </ItemGroup>
  <ItemGroup>
    <ClCompile Include="main.cpp">
      <Filter>win32</Filter>
    </ClCompile>
    <ClCompile Include="..\Classes\AppDelegate.cpp">
      <Filter>src</Filter>
    </ClCompile>
    <ClCompile Include="..\Classes\scene\MenuScene.cpp">
      <Filter>src\scene</Filter>
    </ClCompile>
    <ClCompile Include="..\Classes\scene\IntroScene.cpp">
      <Filter>src\scene</Filter>
    </ClCompile>
    <ClCompile Include="..\Classes\scene\GameScene.cpp">
      <Filter>src\scene</Filter>
    </ClCompile>
    <ClCompile Include="..\Classes\entity\Entity.cpp">
      <Filter>src\entity</Filter>
    </ClCompile>
    <ClCompile Include="..\Classes\component\Component.cpp">
      <Filter>src\component</Filter>
    </ClCompile>
    <ClCompile Include="..\Classes\world\World.cpp">
      <Filter>src\world</Filter>
    </ClCompile>
    <ClCompile Include="..\Classes\runner\EntityRunner.cpp">
      <Filter>src\runner</Filter>
    </ClCompile>
    <ClCompile Include="..\Classes\entity\zombie\Zombie.cpp">
      <Filter>src\entity\zombie</Filter>
    </ClCompile>
    <ClCompile Include="..\Classes\entity\Player\Player.cpp">
      <Filter>src\entity\player</Filter>
    </ClCompile>
    <ClCompile Include="..\Classes\entity\Item\Item.cpp">
      <Filter>src\entity\Item</Filter>
    </ClCompile>
    <ClCompile Include="..\Classes\component\PooledComponent.cpp">
      <Filter>src\component</Filter>
    </ClCompile>
    <ClCompile Include="..\Classes\scene\ArmyTabScene.cpp">
      <Filter>src\scene</Filter>
    </ClCompile>
    <ClCompile Include="..\Classes\scene\HelpScene.cpp">
      <Filter>src\scene</Filter>
    </ClCompile>
    <ClCompile Include="..\Classes\graphics\TextureManager.cpp">
      <Filter>src\graphics</Filter>
    </ClCompile>
    <ClCompile Include="..\Classes\component\basic\KeyboardComp.cpp">
      <Filter>src\component\basic</Filter>
    </ClCompile>
    <ClCompile Include="..\Classes\runner\KeyboardRunner.cpp">
      <Filter>src\runner</Filter>
    </ClCompile>
    <ClCompile Include="..\Classes\component\pooled\KineticComp.cpp">
      <Filter>src\component\pooled</Filter>
    </ClCompile>
    <ClCompile Include="..\Classes\box\BoxHelper.cpp">
      <Filter>src\box</Filter>
    </ClCompile>
    <ClCompile Include="..\Classes\runner\KineticRunner.cpp">
      <Filter>src\runner</Filter>
    </ClCompile>
    <ClCompile Include="..\Classes\component\pooled\AnimComp.cpp">
      <Filter>src\component\pooled</Filter>
    </ClCompile>
    <ClCompile Include="..\Classes\runner\AnimRunner.cpp">
      <Filter>src\runner</Filter>
    </ClCompile>
    <ClCompile Include="..\Classes\component\basic\ChasingComp.cpp">
      <Filter>src\component\basic</Filter>
    </ClCompile>
    <ClCompile Include="..\Classes\component\pooled\DomainComp.cpp">
      <Filter>src\component\pooled</Filter>
    </ClCompile>
    <ClCompile Include="..\Classes\runner\ZombieFollowRunner.cpp">
      <Filter>src\runner</Filter>
    </ClCompile>
    <ClCompile Include="..\Classes\component\pooled\HordeStatusComp.cpp">
      <Filter>src\component\pooled</Filter>
    </ClCompile>
    <ClCompile Include="..\Classes\runner\ZombieTallyRunner.cpp">
      <Filter>src\runner</Filter>
    </ClCompile>
    <ClCompile Include="..\Classes\component\basic\SeperationComp.cpp">
      <Filter>src\component\basic</Filter>
    </ClCompile>
    <ClCompile Include="..\Classes\component\basic\FollowingComp.cpp">
      <Filter>src\component\basic</Filter>
    </ClCompile>
    <ClCompile Include="..\Classes\device\TextReader.cpp">
      <Filter>src\device</Filter>
    </ClCompile>
    <ClCompile Include="..\Classes\device\LuaDevice.cpp">
      <Filter>src\device</Filter>
    </ClCompile>
    <ClCompile Include="..\Classes\world\Config.cpp">
      <Filter>src\world</Filter>
    </ClCompile>
    <ClCompile Include="..\Classes\component\pooled\CombatComp.cpp">
      <Filter>src\component\pooled</Filter>
    </ClCompile>
    <ClCompile Include="..\Classes\component\pooled\ActionFlagComp.cpp">
      <Filter>src\component\pooled</Filter>
    </ClCompile>
    <ClCompile Include="..\Classes\component\basic\MeleeAttackComp.cpp">
      <Filter>src\component\basic</Filter>
    </ClCompile>
    <ClCompile Include="..\Classes\runner\ActionFlagRunner.cpp">
      <Filter>src\runner</Filter>
    </ClCompile>
    <ClCompile Include="..\Classes\runner\MeleeAttackRunner.cpp">
      <Filter>src\runner</Filter>
    </ClCompile>
    <ClCompile Include="..\Classes\component\pooled\ZombieSensorComp.cpp">
      <Filter>src\component\pooled</Filter>
    </ClCompile>
    <ClCompile Include="..\Classes\util\AnimNameHelper.cpp">
      <Filter>src\util</Filter>
    </ClCompile>
    <ClCompile Include="..\Classes\runner\StatRunner.cpp">
      <Filter>src\runner</Filter>
    </ClCompile>
    <ClCompile Include="..\Classes\util\EntityFactory.cpp">
      <Filter>src\util</Filter>
    </ClCompile>
    <ClCompile Include="..\Classes\runner\WandererRunner.cpp">
      <Filter>src\runner</Filter>
    </ClCompile>
    <ClCompile Include="..\Classes\component\pooled\WanderingComp.cpp">
      <Filter>src\component\pooled</Filter>
    </ClCompile>
    <ClCompile Include="..\Classes\util\CheatSystem.cpp">
      <Filter>src\util</Filter>
    </ClCompile>
    <ClCompile Include="..\Classes\util\ZombieSpawningPool.cpp">
      <Filter>src\util</Filter>
    </ClCompile>
    <ClCompile Include="..\Classes\scene\LoadScene.cpp">
      <Filter>src\scene</Filter>
    </ClCompile>
    <ClCompile Include="..\Classes\runner\RecruitRunner.cpp">
      <Filter>src\runner</Filter>
    </ClCompile>
    <ClCompile Include="..\Classes\component\basic\RecruitComp.cpp">
      <Filter>src\component\basic</Filter>
    </ClCompile>
    <ClCompile Include="..\Classes\component\pooled\TrajectComp.cpp">
      <Filter>src\component\pooled</Filter>
    </ClCompile>
    <ClCompile Include="..\Classes\runner\TrajectRunner.cpp">
      <Filter>src\runner</Filter>
    </ClCompile>
    <ClCompile Include="..\Classes\component\basic\RangeAttackComp.cpp">
      <Filter>src\component\basic</Filter>
    </ClCompile>
    <ClCompile Include="..\Classes\runner\RangeAttackRunner.cpp">
      <Filter>src\runner</Filter>
    </ClCompile>
    <ClCompile Include="..\Classes\entity\attachment\Attachment.cpp">
      <Filter>src\entity\attachment</Filter>
    </ClCompile>
    <ClCompile Include="..\Classes\runner\AttachmentAnimRunner.cpp">
      <Filter>src\runner</Filter>
    </ClCompile>
    <ClCompile Include="..\Classes\util\AttachmentFactory.cpp">
      <Filter>src\util</Filter>
    </ClCompile>
    <ClCompile Include="..\Classes\component\basic\HealComp.cpp">
      <Filter>src\component\basic</Filter>
    </ClCompile>
    <ClCompile Include="..\Classes\runner\HealRunner.cpp">
      <Filter>src\runner</Filter>
    </ClCompile>
  </ItemGroup>
  <ItemGroup>
    <ClInclude Include="main.h">
      <Filter>win32</Filter>
    </ClInclude>
    <ClInclude Include="..\Classes\AppDelegate.h">
      <Filter>src</Filter>
    </ClInclude>
    <ClInclude Include="..\Classes\scene\MenuScene.h">
      <Filter>src\scene</Filter>
    </ClInclude>
    <ClInclude Include="..\Classes\scene\IntroScene.h">
      <Filter>src\scene</Filter>
    </ClInclude>
    <ClInclude Include="..\Classes\scene\GameScene.h">
      <Filter>src\scene</Filter>
    </ClInclude>
    <ClInclude Include="..\Classes\entity\Entity.h">
      <Filter>src\entity</Filter>
    </ClInclude>
    <ClInclude Include="..\Classes\component\Component.h">
      <Filter>src\component</Filter>
    </ClInclude>
    <ClInclude Include="..\Classes\world\World.h">
      <Filter>src\world</Filter>
    </ClInclude>
    <ClInclude Include="..\Classes\runner\EntityRunner.h">
      <Filter>src\runner</Filter>
    </ClInclude>
    <ClInclude Include="..\Classes\entity\zombie\Zombie.h">
      <Filter>src\entity\zombie</Filter>
    </ClInclude>
    <ClInclude Include="..\Classes\entity\Player\Player.h">
      <Filter>src\entity\player</Filter>
    </ClInclude>
    <ClInclude Include="..\Classes\entity\Item\Item.h">
      <Filter>src\entity\Item</Filter>
    </ClInclude>
    <ClInclude Include="..\Classes\component\PooledComponent.h">
      <Filter>src\component</Filter>
    </ClInclude>
    <ClInclude Include="..\Classes\Debug.h">
      <Filter>src</Filter>
    </ClInclude>
    <ClInclude Include="..\Classes\scene\ArmyTabScene.h">
      <Filter>src\scene</Filter>
    </ClInclude>
    <ClInclude Include="..\Classes\scene\HelpScene.h">
      <Filter>src\scene</Filter>
    </ClInclude>
    <ClInclude Include="..\Classes\graphics\TextureManager.h">
      <Filter>src\graphics</Filter>
    </ClInclude>
    <ClInclude Include="..\Classes\component\basic\KeyboardComp.h">
      <Filter>src\component\basic</Filter>
    </ClInclude>
    <ClInclude Include="..\Classes\util\GameKey.h">
      <Filter>src\util</Filter>
    </ClInclude>
    <ClInclude Include="..\Classes\runner\KeyboardRunner.h">
      <Filter>src\runner</Filter>
    </ClInclude>
    <ClInclude Include="..\Classes\component\ComponentCatalog.h">
      <Filter>src\component</Filter>
    </ClInclude>
    <ClInclude Include="..\Classes\component\pooled\KineticComp.h">
      <Filter>src\component\pooled</Filter>
    </ClInclude>
    <ClInclude Include="..\Classes\box\BoxHelper.h">
      <Filter>src\box</Filter>
    </ClInclude>
    <ClInclude Include="..\Classes\runner\KineticRunner.h">
      <Filter>src\runner</Filter>
    </ClInclude>
    <ClInclude Include="..\Classes\world\world_include.h">
      <Filter>src\world</Filter>
    </ClInclude>
    <ClInclude Include="..\Classes\component\pooled\AnimComp.h">
      <Filter>src\component\pooled</Filter>
    </ClInclude>
    <ClInclude Include="..\Classes\runner\AnimRunner.h">
      <Filter>src\runner</Filter>
    </ClInclude>
    <ClInclude Include="..\Classes\common_include.h">
      <Filter>src</Filter>
    </ClInclude>
    <ClInclude Include="..\Classes\component\basic\ChasingComp.h">
      <Filter>src\component\basic</Filter>
    </ClInclude>
    <ClInclude Include="..\Classes\component\pooled\DomainComp.h">
      <Filter>src\component\pooled</Filter>
    </ClInclude>
    <ClInclude Include="..\Classes\component\CompHeader.h">
      <Filter>src\component</Filter>
    </ClInclude>
    <ClInclude Include="..\Classes\runner\ZombieFollowRunner.h">
      <Filter>src\runner</Filter>
    </ClInclude>
    <ClInclude Include="..\Classes\component\pooled\HordeStatusComp.h">
      <Filter>src\component\pooled</Filter>
    </ClInclude>
    <ClInclude Include="..\Classes\entity\zombie\ZombieCatelog.h">
      <Filter>src\entity\zombie</Filter>
    </ClInclude>
    <ClInclude Include="..\Classes\runner\ZombieTallyRunner.h">
      <Filter>src\runner</Filter>
    </ClInclude>
    <ClInclude Include="..\Classes\component\basic\SeperationComp.h">
      <Filter>src\component\basic</Filter>
    </ClInclude>
    <ClInclude Include="..\Classes\component\basic\FollowingComp.h">
      <Filter>src\component\basic</Filter>
    </ClInclude>
    <ClInclude Include="..\Classes\device\TextReader.h">
      <Filter>src\device</Filter>
    </ClInclude>
    <ClInclude Include="..\Classes\device\LuaDevice.h">
      <Filter>src\device</Filter>
    </ClInclude>
    <ClInclude Include="..\Classes\world\Config.h">
      <Filter>src\world</Filter>
    </ClInclude>
    <ClInclude Include="..\Classes\util\EntityFactory.h">
      <Filter>src\util</Filter>
    </ClInclude>
    <ClInclude Include="..\Classes\component\pooled\CombatComp.h">
      <Filter>src\component\pooled</Filter>
    </ClInclude>
    <ClInclude Include="..\Classes\component\pooled\ActionFlagComp.h">
      <Filter>src\component\pooled</Filter>
    </ClInclude>
    <ClInclude Include="..\Classes\component\basic\MeleeAttackComp.h">
      <Filter>src\component\basic</Filter>
    </ClInclude>
    <ClInclude Include="..\Classes\runner\ActionFlagRunner.h">
      <Filter>src\runner</Filter>
    </ClInclude>
    <ClInclude Include="..\Classes\runner\MeleeAttackRunner.h">
      <Filter>src\runner</Filter>
    </ClInclude>
    <ClInclude Include="..\Classes\component\pooled\ZombieSensorComp.h">
      <Filter>src\component\pooled</Filter>
    </ClInclude>
    <ClInclude Include="..\Classes\util\AnimNameHelper.h">
      <Filter>src\util</Filter>
    </ClInclude>
    <ClInclude Include="..\Classes\runner\StatRunner.h">
      <Filter>src\runner</Filter>
    </ClInclude>
    <ClInclude Include="..\Classes\runner\WandererRunner.h">
      <Filter>src\runner</Filter>
    </ClInclude>
    <ClInclude Include="..\Classes\component\pooled\WanderingComp.h">
      <Filter>src\component\pooled</Filter>
    </ClInclude>
    <ClInclude Include="..\Classes\util\CheatSystem.h">
      <Filter>src\util</Filter>
    </ClInclude>
    <ClInclude Include="..\Classes\scene\LoadScene.h">
      <Filter>src\scene</Filter>
    </ClInclude>
    <ClInclude Include="..\Classes\util\AudioDir.h">
      <Filter>src\util</Filter>
    </ClInclude>
    <ClInclude Include="..\Classes\runner\RecruitRunner.h">
      <Filter>src\runner</Filter>
    </ClInclude>
    <ClInclude Include="..\Classes\component\basic\RecruitComp.h">
      <Filter>src\component\basic</Filter>
    </ClInclude>
    <ClInclude Include="..\Classes\util\ZombieSpawningPool.h">
      <Filter>src\util</Filter>
    </ClInclude>
    <ClInclude Include="..\Classes\component\pooled\TrajectComp.h">
      <Filter>src\component\pooled</Filter>
    </ClInclude>
    <ClInclude Include="..\Classes\runner\TrajectRunner.h">
      <Filter>src\runner</Filter>
    </ClInclude>
    <ClInclude Include="..\Classes\component\basic\RangeAttackComp.h">
      <Filter>src\component\basic</Filter>
    </ClInclude>
    <ClInclude Include="..\Classes\runner\RangeAttackRunner.h">
      <Filter>src\runner</Filter>
    </ClInclude>
    <ClInclude Include="..\Classes\entity\attachment\Attachment.h">
      <Filter>src\entity\attachment</Filter>
    </ClInclude>
    <ClInclude Include="..\Classes\runner\AttachmentAnimRunner.h">
      <Filter>src\runner</Filter>
    </ClInclude>
    <ClInclude Include="..\Classes\util\AttachmentFactory.h">
      <Filter>src\util</Filter>
    </ClInclude>
    <ClInclude Include="..\Classes\component\basic\HealComp.h">
      <Filter>src\component\basic</Filter>
    </ClInclude>
    <ClInclude Include="..\Classes\runner\HealRunner.h">
      <Filter>src\runner</Filter>
    </ClInclude>
  </ItemGroup>
  <ItemGroup>
    <ResourceCompile Include="game.rc">
      <Filter>resource</Filter>
    </ResourceCompile>
  </ItemGroup>
  <ItemGroup>
    <Text Include="config.lua">
      <Filter>resource</Filter>
    </Text>
  </ItemGroup>
</Project>