
Microsoft Visual Studio Solution File, Format Version 12.00
# Visual Studio 14
VisualStudioVersion = 14.0.24720.0
MinimumVisualStudioVersion = 10.0.40219.1
Project("{8BC9CEB8-8B4A-11D0-8D11-00A0C91BC942}") = "Cheese", "Cheese.vcxproj", "{76A39BB2-9B84-4C65-98A5-654D86B86F2A}"
	ProjectSection(ProjectDependencies) = postProject
		{9CF56D00-69D7-4C74-B53C-DD211163E49D} = {9CF56D00-69D7-4C74-B53C-DD211163E49D}
		{45975324-0A0E-4989-8E08-B235E4F893CA} = {45975324-0A0E-4989-8E08-B235E4F893CA}
	EndProjectSection
EndProject
Project("{8BC9CEB8-8B4A-11D0-8D11-00A0C91BC942}") = "AllocationDeallocationTest", "..\ObjectPool\AllocationDeallocationTest.vcxproj", "{9CF56D00-69D7-4C74-B53C-DD211163E49D}"
EndProject
Project("{8BC9CEB8-8B4A-11D0-8D11-00A0C91BC942}") = "LuaCppInterface", "..\luacppinterface\LuaCppInterface\LuaCppInterface.vcxproj", "{45975324-0A0E-4989-8E08-B235E4F893CA}"
EndProject
Global
	GlobalSection(SolutionConfigurationPlatforms) = preSolution
		Debug|Win32 = Debug|Win32
		Debug|x64 = Debug|x64
		Release|Win32 = Release|Win32
		Release|x64 = Release|x64
	EndGlobalSection
	GlobalSection(ProjectConfigurationPlatforms) = postSolution
		{76A39BB2-9B84-4C65-98A5-654D86B86F2A}.Debug|Win32.ActiveCfg = Debug|Win32
		{76A39BB2-9B84-4C65-98A5-654D86B86F2A}.Debug|Win32.Build.0 = Debug|Win32
		{76A39BB2-9B84-4C65-98A5-654D86B86F2A}.Debug|x64.ActiveCfg = Debug|Win32
		{76A39BB2-9B84-4C65-98A5-654D86B86F2A}.Release|Win32.ActiveCfg = Release|Win32
		{76A39BB2-9B84-4C65-98A5-654D86B86F2A}.Release|Win32.Build.0 = Release|Win32
		{76A39BB2-9B84-4C65-98A5-654D86B86F2A}.Release|x64.ActiveCfg = Release|Win32
		{9CF56D00-69D7-4C74-B53C-DD211163E49D}.Debug|Win32.ActiveCfg = Debug|Win32
		{9CF56D00-69D7-4C74-B53C-DD211163E49D}.Debug|Win32.Build.0 = Debug|Win32
		{9CF56D00-69D7-4C74-B53C-DD211163E49D}.Debug|x64.ActiveCfg = Debug|Win32
		{9CF56D00-69D7-4C74-B53C-DD211163E49D}.Release|Win32.ActiveCfg = Release|Win32
		{9CF56D00-69D7-4C74-B53C-DD211163E49D}.Release|Win32.Build.0 = Release|Win32
		{9CF56D00-69D7-4C74-B53C-DD211163E49D}.Release|x64.ActiveCfg = Release|Win32
		{45975324-0A0E-4989-8E08-B235E4F893CA}.Debug|Win32.ActiveCfg = Debug|Win32
		{45975324-0A0E-4989-8E08-B235E4F893CA}.Debug|Win32.Build.0 = Debug|Win32
		{45975324-0A0E-4989-8E08-B235E4F893CA}.Debug|x64.ActiveCfg = Debug|x64
		{45975324-0A0E-4989-8E08-B235E4F893CA}.Debug|x64.Build.0 = Debug|x64
		{45975324-0A0E-4989-8E08-B235E4F893CA}.Release|Win32.ActiveCfg = Release|Win32
		{45975324-0A0E-4989-8E08-B235E4F893CA}.Release|Win32.Build.0 = Release|Win32
		{45975324-0A0E-4989-8E08-B235E4F893CA}.Release|x64.ActiveCfg = Release|x64
		{45975324-0A0E-4989-8E08-B235E4F893CA}.Release|x64.Build.0 = Release|x64
	EndGlobalSection
	GlobalSection(SolutionProperties) = preSolution
		HideSolutionNode = FALSE
	EndGlobalSection
EndGlobal
